
Microsoft Visual Studio Solution File, Format Version 12.00
# Visual Studio Version 17
VisualStudioVersion = 17.6.33717.318
MinimumVisualStudioVersion = 10.0.40219.1
Project("{9A19103F-16F7-4668-BE54-9A1E7A4F7556}") = "DDB.ProgDec.BL.Models", "DDB.ProgDec.BL.Models\DDB.ProgDec.BL.Models.csproj", "{EB031F60-04BB-4DBE-9F94-8C8AF4F3C771}"
EndProject
Project("{00D1A9C2-B5F0-4AF3-8072-F6C62B433612}") = "DDB.ProgDec.DB", "DDB.ProgDec.DB\DDB.ProgDec.DB.sqlproj", "{210D08C1-2F9A-4F73-8698-45C6622B0547}"
EndProject
Project("{FAE04EC0-301F-11D3-BF4B-00C04F79EFBC}") = "DDB.ProgDec.PL", "DDB.ProgDec.PL\DDB.ProgDec.PL.csproj", "{4758CAA9-0DAD-42A6-91F6-E1BF5A8F2944}"
EndProject
Project("{2150E333-8FDC-42A3-9474-1A3956D46DE8}") = "Solution Items", "Solution Items", "{A2DFFA7D-2958-407D-8B8E-07AAF724BE84}"
	ProjectSection(SolutionItems) = preProject
		TextFile1.txt = TextFile1.txt
	EndProjectSection
EndProject
Project("{FAE04EC0-301F-11D3-BF4B-00C04F79EFBC}") = "DDB.ProgDec.PL.Test", "DDB.ProgDec.PL.Test\DDB.ProgDec.PL.Test.csproj", "{9A3283FF-C30C-4480-B411-493D96093465}"
EndProject
Global
	GlobalSection(SolutionConfigurationPlatforms) = preSolution
		Debug|Any CPU = Debug|Any CPU
		Release|Any CPU = Release|Any CPU
	EndGlobalSection
	GlobalSection(ProjectConfigurationPlatforms) = postSolution
		{EB031F60-04BB-4DBE-9F94-8C8AF4F3C771}.Debug|Any CPU.ActiveCfg = Debug|Any CPU
		{EB031F60-04BB-4DBE-9F94-8C8AF4F3C771}.Debug|Any CPU.Build.0 = Debug|Any CPU
		{EB031F60-04BB-4DBE-9F94-8C8AF4F3C771}.Release|Any CPU.ActiveCfg = Release|Any CPU
		{EB031F60-04BB-4DBE-9F94-8C8AF4F3C771}.Release|Any CPU.Build.0 = Release|Any CPU
		{210D08C1-2F9A-4F73-8698-45C6622B0547}.Debug|Any CPU.ActiveCfg = Debug|Any CPU
		{210D08C1-2F9A-4F73-8698-45C6622B0547}.Debug|Any CPU.Build.0 = Debug|Any CPU
		{210D08C1-2F9A-4F73-8698-45C6622B0547}.Debug|Any CPU.Deploy.0 = Debug|Any CPU
		{210D08C1-2F9A-4F73-8698-45C6622B0547}.Release|Any CPU.ActiveCfg = Release|Any CPU
		{210D08C1-2F9A-4F73-8698-45C6622B0547}.Release|Any CPU.Build.0 = Release|Any CPU
		{210D08C1-2F9A-4F73-8698-45C6622B0547}.Release|Any CPU.Deploy.0 = Release|Any CPU
		{4758CAA9-0DAD-42A6-91F6-E1BF5A8F2944}.Debug|Any CPU.ActiveCfg = Debug|Any CPU
		{4758CAA9-0DAD-42A6-91F6-E1BF5A8F2944}.Debug|Any CPU.Build.0 = Debug|Any CPU
		{4758CAA9-0DAD-42A6-91F6-E1BF5A8F2944}.Release|Any CPU.ActiveCfg = Release|Any CPU
		{4758CAA9-0DAD-42A6-91F6-E1BF5A8F2944}.Release|Any CPU.Build.0 = Release|Any CPU
		{9A3283FF-C30C-4480-B411-493D96093465}.Debug|Any CPU.ActiveCfg = Debug|Any CPU
		{9A3283FF-C30C-4480-B411-493D96093465}.Debug|Any CPU.Build.0 = Debug|Any CPU
		{9A3283FF-C30C-4480-B411-493D96093465}.Release|Any CPU.ActiveCfg = Release|Any CPU
		{9A3283FF-C30C-4480-B411-493D96093465}.Release|Any CPU.Build.0 = Release|Any CPU
	EndGlobalSection
	GlobalSection(SolutionProperties) = preSolution
		HideSolutionNode = FALSE
	EndGlobalSection
	GlobalSection(ExtensibilityGlobals) = postSolution
		SolutionGuid = {C3E4D4C5-787E-498D-A3C3-B5A70870C3B8}
	EndGlobalSection
EndGlobal
