
Microsoft Visual Studio Solution File, Format Version 12.00
# Visual Studio Version 17
VisualStudioVersion = 17.6.33717.318
MinimumVisualStudioVersion = 10.0.40219.1
Project("{9A19103F-16F7-4668-BE54-9A1E7A4F7556}") = "DDB.ProgDec.BL.Models", "DDB.ProgDec.BL.Models\DDB.ProgDec.BL.Models.csproj", "{EB031F60-04BB-4DBE-9F94-8C8AF4F3C771}"
EndProject
Project("{00D1A9C2-B5F0-4AF3-8072-F6C62B433612}") = "DDB.ProgDec.DB", "DDB.ProgDec.DB\DDB.ProgDec.DB.sqlproj", "{210D08C1-2F9A-4F73-8698-45C6622B0547}"
EndProject
Project("{9A19103F-16F7-4668-BE54-9A1E7A4F7556}") = "DDB.ProgDec.PL", "DDB.ProgDec.PL\DDB.ProgDec.PL.csproj", "{4758CAA9-0DAD-42A6-91F6-E1BF5A8F2944}"
EndProject
Project("{2150E333-8FDC-42A3-9474-1A3956D46DE8}") = "Solution Items", "Solution Items", "{A2DFFA7D-2958-407D-8B8E-07AAF724BE84}"
	ProjectSection(SolutionItems) = preProject
		TextFile1.txt = TextFile1.txt
	EndProjectSection
EndProject
Project("{9A19103F-16F7-4668-BE54-9A1E7A4F7556}") = "DDB.ProgDec.PL.Test", "DDB.ProgDec.PL.Test\DDB.ProgDec.PL.Test.csproj", "{9A3283FF-C30C-4480-B411-493D96093465}"
EndProject
Project("{9A19103F-16F7-4668-BE54-9A1E7A4F7556}") = "DDB.ProgDec.BL", "DDB.ProgDec.BL\DDB.ProgDec.BL.csproj", "{DA95F04D-99E2-4226-AE91-E9DE57BB9274}"
EndProject
Project("{9A19103F-16F7-4668-BE54-9A1E7A4F7556}") = "DDB.ProgDec.BL.Test", "DDB.ProgDec.BL.Test\DDB.ProgDec.BL.Test.csproj", "{C6B2E743-8F4D-496B-8E9D-085C7E8D43E8}"
EndProject
Project("{9A19103F-16F7-4668-BE54-9A1E7A4F7556}") = "DDB.Bands.UI", "DDB.Bands.UI\DDB.Bands.UI.csproj", "{CD1A7F60-C38C-4BA2-832C-0A4AED695EA1}"
EndProject
Project("{9A19103F-16F7-4668-BE54-9A1E7A4F7556}") = "DDB.ProgDec.UI", "DDB.ProgDec.UI\DDB.ProgDec.UI.csproj", "{FC88B1C4-FC03-496E-BC2B-51416C8D4F0C}"
EndProject
Project("{FAE04EC0-301F-11D3-BF4B-00C04F79EFBC}") = "DDB.ProgDec.API", "DDB.ProgDec.API\DDB.ProgDec.API.csproj", "{88876618-BD55-4753-A0A2-0C243F676A60}"
EndProject
Global
	GlobalSection(SolutionConfigurationPlatforms) = preSolution
		Debug|Any CPU = Debug|Any CPU
		Release|Any CPU = Release|Any CPU
	EndGlobalSection
	GlobalSection(ProjectConfigurationPlatforms) = postSolution
		{EB031F60-04BB-4DBE-9F94-8C8AF4F3C771}.Debug|Any CPU.ActiveCfg = Debug|Any CPU
		{EB031F60-04BB-4DBE-9F94-8C8AF4F3C771}.Debug|Any CPU.Build.0 = Debug|Any CPU
		{EB031F60-04BB-4DBE-9F94-8C8AF4F3C771}.Release|Any CPU.ActiveCfg = Release|Any CPU
		{EB031F60-04BB-4DBE-9F94-8C8AF4F3C771}.Release|Any CPU.Build.0 = Release|Any CPU
		{210D08C1-2F9A-4F73-8698-45C6622B0547}.Debug|Any CPU.ActiveCfg = Debug|Any CPU
		{210D08C1-2F9A-4F73-8698-45C6622B0547}.Debug|Any CPU.Build.0 = Debug|Any CPU
		{210D08C1-2F9A-4F73-8698-45C6622B0547}.Debug|Any CPU.Deploy.0 = Debug|Any CPU
		{210D08C1-2F9A-4F73-8698-45C6622B0547}.Release|Any CPU.ActiveCfg = Release|Any CPU
		{210D08C1-2F9A-4F73-8698-45C6622B0547}.Release|Any CPU.Build.0 = Release|Any CPU
		{210D08C1-2F9A-4F73-8698-45C6622B0547}.Release|Any CPU.Deploy.0 = Release|Any CPU
		{4758CAA9-0DAD-42A6-91F6-E1BF5A8F2944}.Debug|Any CPU.ActiveCfg = Debug|Any CPU
		{4758CAA9-0DAD-42A6-91F6-E1BF5A8F2944}.Debug|Any CPU.Build.0 = Debug|Any CPU
		{4758CAA9-0DAD-42A6-91F6-E1BF5A8F2944}.Release|Any CPU.ActiveCfg = Release|Any CPU
		{4758CAA9-0DAD-42A6-91F6-E1BF5A8F2944}.Release|Any CPU.Build.0 = Release|Any CPU
		{9A3283FF-C30C-4480-B411-493D96093465}.Debug|Any CPU.ActiveCfg = Debug|Any CPU
		{9A3283FF-C30C-4480-B411-493D96093465}.Debug|Any CPU.Build.0 = Debug|Any CPU
		{9A3283FF-C30C-4480-B411-493D96093465}.Release|Any CPU.ActiveCfg = Release|Any CPU
		{9A3283FF-C30C-4480-B411-493D96093465}.Release|Any CPU.Build.0 = Release|Any CPU
		{DA95F04D-99E2-4226-AE91-E9DE57BB9274}.Debug|Any CPU.ActiveCfg = Debug|Any CPU
		{DA95F04D-99E2-4226-AE91-E9DE57BB9274}.Debug|Any CPU.Build.0 = Debug|Any CPU
		{DA95F04D-99E2-4226-AE91-E9DE57BB9274}.Release|Any CPU.ActiveCfg = Release|Any CPU
		{DA95F04D-99E2-4226-AE91-E9DE57BB9274}.Release|Any CPU.Build.0 = Release|Any CPU
		{C6B2E743-8F4D-496B-8E9D-085C7E8D43E8}.Debug|Any CPU.ActiveCfg = Debug|Any CPU
		{C6B2E743-8F4D-496B-8E9D-085C7E8D43E8}.Debug|Any CPU.Build.0 = Debug|Any CPU
		{C6B2E743-8F4D-496B-8E9D-085C7E8D43E8}.Release|Any CPU.ActiveCfg = Release|Any CPU
		{C6B2E743-8F4D-496B-8E9D-085C7E8D43E8}.Release|Any CPU.Build.0 = Release|Any CPU
		{CD1A7F60-C38C-4BA2-832C-0A4AED695EA1}.Debug|Any CPU.ActiveCfg = Debug|Any CPU
		{CD1A7F60-C38C-4BA2-832C-0A4AED695EA1}.Debug|Any CPU.Build.0 = Debug|Any CPU
		{CD1A7F60-C38C-4BA2-832C-0A4AED695EA1}.Release|Any CPU.ActiveCfg = Release|Any CPU
		{CD1A7F60-C38C-4BA2-832C-0A4AED695EA1}.Release|Any CPU.Build.0 = Release|Any CPU
		{FC88B1C4-FC03-496E-BC2B-51416C8D4F0C}.Debug|Any CPU.ActiveCfg = Debug|Any CPU
		{FC88B1C4-FC03-496E-BC2B-51416C8D4F0C}.Debug|Any CPU.Build.0 = Debug|Any CPU
		{FC88B1C4-FC03-496E-BC2B-51416C8D4F0C}.Release|Any CPU.ActiveCfg = Release|Any CPU
		{FC88B1C4-FC03-496E-BC2B-51416C8D4F0C}.Release|Any CPU.Build.0 = Release|Any CPU
		{88876618-BD55-4753-A0A2-0C243F676A60}.Debug|Any CPU.ActiveCfg = Debug|Any CPU
		{88876618-BD55-4753-A0A2-0C243F676A60}.Debug|Any CPU.Build.0 = Debug|Any CPU
		{88876618-BD55-4753-A0A2-0C243F676A60}.Release|Any CPU.ActiveCfg = Release|Any CPU
		{88876618-BD55-4753-A0A2-0C243F676A60}.Release|Any CPU.Build.0 = Release|Any CPU
	EndGlobalSection
	GlobalSection(SolutionProperties) = preSolution
		HideSolutionNode = FALSE
	EndGlobalSection
	GlobalSection(ExtensibilityGlobals) = postSolution
		SolutionGuid = {C3E4D4C5-787E-498D-A3C3-B5A70870C3B8}
	EndGlobalSection
EndGlobal
